PODS:
  - MeteoLVProvider (0.2.3):
    - SwiftSoup (~> 1.7)
  - SwiftSoup (1.7.4)

DEPENDENCIES:
  - MeteoLVProvider

SPEC REPOS:
  trunk:
    - MeteoLVProvider
    - SwiftSoup

SPEC CHECKSUMS:
  MeteoLVProvider: 14528168c6da664c0855506e6e77adfff36dfe89
  SwiftSoup: 92f5b348c131aed8af04f4326db1579ab19fa08c

PODFILE CHECKSUM: 40409dd58747f441ae37e76111c85e0dcb061856

COCOAPODS: 1.8.4
