// !$*UTF8*$!
{
	archiveVersion = 1;
	classes = {
	};
	objectVersion = 48;
	objects = {

/* Begin PBXBuildFile section */
		53D48D6EC018AC569D93ED25 /* Pods_MeteoLV.framework in Frameworks */ = {isa = PBXBuildFile; fileRef = F739193A2554C66DA37F55DE /* Pods_MeteoLV.framework */; };
		6300DC892039ED7D007C268C /* AppDelegate.swift in Sources */ = {isa = PBXBuildFile; fileRef = 6300DC882039ED7D007C268C /* AppDelegate.swift */; };
		6300DC8E2039ED7D007C268C /* Main.storyboard in Resources */ = {isa = PBXBuildFile; fileRef = 6300DC8C2039ED7D007C268C /* Main.storyboard */; };
		6300DC902039ED7D007C268C /* Assets.xcassets in Resources */ = {isa = PBXBuildFile; fileRef = 6300DC8F2039ED7D007C268C /* Assets.xcassets */; };
		6300DC932039ED7D007C268C /* LaunchScreen.storyboard in Resources */ = {isa = PBXBuildFile; fileRef = 6300DC912039ED7D007C268C /* LaunchScreen.storyboard */; };
		6300DC9B2039EF16007C268C /* ObservationsViewController.swift in Sources */ = {isa = PBXBuildFile; fileRef = 6300DC9A2039EF16007C268C /* ObservationsViewController.swift */; };
		6300DC9F2039F889007C268C /* StationViewController.swift in Sources */ = {isa = PBXBuildFile; fileRef = 6300DC9E2039F889007C268C /* StationViewController.swift */; };
		6300DCA12039FA08007C268C /* StationAnnotation.swift in Sources */ = {isa = PBXBuildFile; fileRef = 6300DCA02039FA08007C268C /* StationAnnotation.swift */; };
/* End PBXBuildFile section */

/* Begin PBXFileReference section */
		6300DC852039ED7D007C268C /* MeteoLV.app */ = {isa = PBXFileReference; explicitFileType = wrapper.application; includeInIndex = 0; path = MeteoLV.app; sourceTree = BUILT_PRODUCTS_DIR; };
		6300DC882039ED7D007C268C /* AppDelegate.swift */ = {isa = PBXFileReference; lastKnownFileType = sourcecode.swift; path = AppDelegate.swift; sourceTree = "<group>"; };
		6300DC8D2039ED7D007C268C /* Base */ = {isa = PBXFileReference; lastKnownFileType = file.storyboard; name = Base; path = Base.lproj/Main.storyboard; sourceTree = "<group>"; };
		6300DC8F2039ED7D007C268C /* Assets.xcassets */ = {isa = PBXFileReference; lastKnownFileType = folder.assetcatalog; path = Assets.xcassets; sourceTree = "<group>"; };
		6300DC922039ED7D007C268C /* Base */ = {isa = PBXFileReference; lastKnownFileType = file.storyboard; name = Base; path = Base.lproj/LaunchScreen.storyboard; sourceTree = "<group>"; };
		6300DC942039ED7D007C268C /* Info.plist */ = {isa = PBXFileReference; lastKnownFileType = text.plist.xml; path = Info.plist; sourceTree = "<group>"; };
		6300DC9A2039EF16007C268C /* ObservationsViewController.swift */ = {isa = PBXFileReference; lastKnownFileType = sourcecode.swift; path = ObservationsViewController.swift; sourceTree = "<group>"; };
		6300DC9E2039F889007C268C /* StationViewController.swift */ = {isa = PBXFileReference; lastKnownFileType = sourcecode.swift; path = StationViewController.swift; sourceTree = "<group>"; };
		6300DCA02039FA08007C268C /* StationAnnotation.swift */ = {isa = PBXFileReference; lastKnownFileType = sourcecode.swift; path = StationAnnotation.swift; sourceTree = "<group>"; };
		728D7B4AE02137D8F69815AB /* Pods-MeteoLV.release.xcconfig */ = {isa = PBXFileReference; includeInIndex = 1; lastKnownFileType = text.xcconfig; name = "Pods-MeteoLV.release.xcconfig"; path = "Pods/Target Support Files/Pods-MeteoLV/Pods-MeteoLV.release.xcconfig"; sourceTree = "<group>"; };
		A10A8307A34FC700EF11C6A6 /* Pods-MeteoLV.debug.xcconfig */ = {isa = PBXFileReference; includeInIndex = 1; lastKnownFileType = text.xcconfig; name = "Pods-MeteoLV.debug.xcconfig"; path = "Pods/Target Support Files/Pods-MeteoLV/Pods-MeteoLV.debug.xcconfig"; sourceTree = "<group>"; };
		F739193A2554C66DA37F55DE /* Pods_MeteoLV.framework */ = {isa = PBXFileReference; explicitFileType = wrapper.framework; includeInIndex = 0; path = Pods_MeteoLV.framework; sourceTree = BUILT_PRODUCTS_DIR; };
/* End PBXFileReference section */

/* Begin PBXFrameworksBuildPhase section */
		6300DC822039ED7D007C268C /* Frameworks */ = {
			isa = PBXFrameworksBuildPhase;
			buildActionMask = 2147483647;
			files = (
				53D48D6EC018AC569D93ED25 /* Pods_MeteoLV.framework in Frameworks */,
			);
			runOnlyForDeploymentPostprocessing = 0;
		};
/* End PBXFrameworksBuildPhase section */

/* Begin PBXGroup section */
		033B7F854099AA330748ACAB /* Frameworks */ = {
			isa = PBXGroup;
			children = (
				F739193A2554C66DA37F55DE /* Pods_MeteoLV.framework */,
			);
			name = Frameworks;
			sourceTree = "<group>";
		};
		2EBFEC84474DEC4D18B5E447 /* Pods */ = {
			isa = PBXGroup;
			children = (
				A10A8307A34FC700EF11C6A6 /* Pods-MeteoLV.debug.xcconfig */,
				728D7B4AE02137D8F69815AB /* Pods-MeteoLV.release.xcconfig */,
			);
			name = Pods;
			sourceTree = "<group>";
		};
		6300DC7C2039ED7D007C268C = {
			isa = PBXGroup;
			children = (
				6300DC872039ED7D007C268C /* MeteoLV */,
				6300DC862039ED7D007C268C /* Products */,
				2EBFEC84474DEC4D18B5E447 /* Pods */,
				033B7F854099AA330748ACAB /* Frameworks */,
			);
			sourceTree = "<group>";
		};
		6300DC862039ED7D007C268C /* Products */ = {
			isa = PBXGroup;
			children = (
				6300DC852039ED7D007C268C /* MeteoLV.app */,
			);
			name = Products;
			sourceTree = "<group>";
		};
		6300DC872039ED7D007C268C /* MeteoLV */ = {
			isa = PBXGroup;
			children = (
				6300DC882039ED7D007C268C /* AppDelegate.swift */,
				6300DC9A2039EF16007C268C /* ObservationsViewController.swift */,
				6300DCA02039FA08007C268C /* StationAnnotation.swift */,
				6300DC9E2039F889007C268C /* StationViewController.swift */,
				6300DC8C2039ED7D007C268C /* Main.storyboard */,
				6300DC8F2039ED7D007C268C /* Assets.xcassets */,
				6300DC912039ED7D007C268C /* LaunchScreen.storyboard */,
				6300DC942039ED7D007C268C /* Info.plist */,
			);
			path = MeteoLV;
			sourceTree = "<group>";
		};
/* End PBXGroup section */

/* Begin PBXNativeTarget section */
		6300DC842039ED7D007C268C /* MeteoLV */ = {
			isa = PBXNativeTarget;
			buildConfigurationList = 6300DC972039ED7D007C268C /* Build configuration list for PBXNativeTarget "MeteoLV" */;
			buildPhases = (
				C3D744013C4C799D8FD15F77 /* [CP] Check Pods Manifest.lock */,
				6300DC812039ED7D007C268C /* Sources */,
				6300DC822039ED7D007C268C /* Frameworks */,
				6300DC832039ED7D007C268C /* Resources */,
				EF2C85ED5CFB5883A39AD9FC /* [CP] Embed Pods Frameworks */,
				7A838B3ADCF4F886844CB842 /* [CP] Copy Pods Resources */,
			);
			buildRules = (
			);
			dependencies = (
			);
			name = MeteoLV;
			productName = MeteoLV;
			productReference = 6300DC852039ED7D007C268C /* MeteoLV.app */;
			productType = "com.apple.product-type.application";
		};
/* End PBXNativeTarget section */

/* Begin PBXProject section */
		6300DC7D2039ED7D007C268C /* Project object */ = {
			isa = PBXProject;
			attributes = {
				LastSwiftUpdateCheck = 0920;
				LastUpgradeCheck = 0920;
				ORGANIZATIONNAME = fassko;
				TargetAttributes = {
					6300DC842039ED7D007C268C = {
						CreatedOnToolsVersion = 9.2;
						ProvisioningStyle = Automatic;
					};
				};
			};
			buildConfigurationList = 6300DC802039ED7D007C268C /* Build configuration list for PBXProject "MeteoLV" */;
			compatibilityVersion = "Xcode 8.0";
			developmentRegion = en;
			hasScannedForEncodings = 0;
			knownRegions = (
				en,
				Base,
			);
			mainGroup = 6300DC7C2039ED7D007C268C;
			productRefGroup = 6300DC862039ED7D007C268C /* Products */;
			projectDirPath = "";
			projectRoot = "";
			targets = (
				6300DC842039ED7D007C268C /* MeteoLV */,
			);
		};
/* End PBXProject section */

/* Begin PBXResourcesBuildPhase section */
		6300DC832039ED7D007C268C /* Resources */ = {
			isa = PBXResourcesBuildPhase;
			buildActionMask = 2147483647;
			files = (
				6300DC932039ED7D007C268C /* LaunchScreen.storyboard in Resources */,
				6300DC902039ED7D007C268C /* Assets.xcassets in Resources */,
				6300DC8E2039ED7D007C268C /* Main.storyboard in Resources */,
			);
			runOnlyForDeploymentPostprocessing = 0;
		};
/* End PBXResourcesBuildPhase section */

/* Begin PBXShellScriptBuildPhase section */
		7A838B3ADCF4F886844CB842 /* [CP] Copy Pods Resources */ = {
			isa = PBXShellScriptBuildPhase;
			buildActionMask = 2147483647;
			files = (
			);
			inputPaths = (
			);
			name = "[CP] Copy Pods Resources";
			outputPaths = (
			);
			runOnlyForDeploymentPostprocessing = 0;
			shellPath = /bin/sh;
			shellScript = "\"${SRCROOT}/Pods/Target Support Files/Pods-MeteoLV/Pods-MeteoLV-resources.sh\"\n";
			showEnvVarsInLog = 0;
		};
		C3D744013C4C799D8FD15F77 /* [CP] Check Pods Manifest.lock */ = {
			isa = PBXShellScriptBuildPhase;
			buildActionMask = 2147483647;
			files = (
			);
			inputPaths = (
				"${PODS_PODFILE_DIR_PATH}/Podfile.lock",
				"${PODS_ROOT}/Manifest.lock",
			);
			name = "[CP] Check Pods Manifest.lock";
			outputPaths = (
				"$(DERIVED_FILE_DIR)/Pods-MeteoLV-checkManifestLockResult.txt",
			);
			runOnlyForDeploymentPostprocessing = 0;
			shellPath = /bin/sh;
			shellScript = "diff \"${PODS_PODFILE_DIR_PATH}/Podfile.lock\" \"${PODS_ROOT}/Manifest.lock\" > /dev/null\nif [ $? != 0 ] ; then\n    # print error to STDERR\n    echo \"error: The sandbox is not in sync with the Podfile.lock. Run 'pod install' or update your CocoaPods installation.\" >&2\n    exit 1\nfi\n# This output is used by Xcode 'outputs' to avoid re-running this script phase.\necho \"SUCCESS\" > \"${SCRIPT_OUTPUT_FILE_0}\"\n";
			showEnvVarsInLog = 0;
		};
		EF2C85ED5CFB5883A39AD9FC /* [CP] Embed Pods Frameworks */ = {
			isa = PBXShellScriptBuildPhase;
			buildActionMask = 2147483647;
			files = (
			);
			inputPaths = (
				"${SRCROOT}/Pods/Target Support Files/Pods-MeteoLV/Pods-MeteoLV-frameworks.sh",
				"${BUILT_PRODUCTS_DIR}/MeteoLVProvider/MeteoLVProvider.framework",
			);
			name = "[CP] Embed Pods Frameworks";
			outputPaths = (
				"${TARGET_BUILD_DIR}/${FRAMEWORKS_FOLDER_PATH}/MeteoLVProvider.framework",
			);
			runOnlyForDeploymentPostprocessing = 0;
			shellPath = /bin/sh;
			shellScript = "\"${SRCROOT}/Pods/Target Support Files/Pods-MeteoLV/Pods-MeteoLV-frameworks.sh\"\n";
			showEnvVarsInLog = 0;
		};
/* End PBXShellScriptBuildPhase section */

/* Begin PBXSourcesBuildPhase section */
		6300DC812039ED7D007C268C /* Sources */ = {
			isa = PBXSourcesBuildPhase;
			buildActionMask = 2147483647;
			files = (
				6300DC9F2039F889007C268C /* StationViewController.swift in Sources */,
				6300DC9B2039EF16007C268C /* ObservationsViewController.swift in Sources */,
				6300DC892039ED7D007C268C /* AppDelegate.swift in Sources */,
				6300DCA12039FA08007C268C /* StationAnnotation.swift in Sources */,
			);
			runOnlyForDeploymentPostprocessing = 0;
		};
/* End PBXSourcesBuildPhase section */

/* Begin PBXVariantGroup section */
		6300DC8C2039ED7D007C268C /* Main.storyboard */ = {
			isa = PBXVariantGroup;
			children = (
				6300DC8D2039ED7D007C268C /* Base */,
			);
			name = Main.storyboard;
			sourceTree = "<group>";
		};
		6300DC912039ED7D007C268C /* LaunchScreen.storyboard */ = {
			isa = PBXVariantGroup;
			children = (
				6300DC922039ED7D007C268C /* Base */,
			);
			name = LaunchScreen.storyboard;
			sourceTree = "<group>";
		};
/* End PBXVariantGroup section */

/* Begin XCBuildConfiguration section */
		6300DC952039ED7D007C268C /* Debug */ = {
			isa = XCBuildConfiguration;
			buildSettings = {
				ALWAYS_SEARCH_USER_PATHS = NO;
				CLANG_ANALYZER_NONNULL = YES;
				CLANG_ANALYZER_NUMBER_OBJECT_CONVERSION = YES_AGGRESSIVE;
				CLANG_CXX_LANGUAGE_STANDARD = "gnu++14";
				CLANG_CXX_LIBRARY = "libc++";
				CLANG_ENABLE_MODULES = YES;
				CLANG_ENABLE_OBJC_ARC = YES;
				CLANG_WARN_BLOCK_CAPTURE_AUTORELEASING = YES;
				CLANG_WARN_BOOL_CONVERSION = YES;
				CLANG_WARN_COMMA = YES;
				CLANG_WARN_CONSTANT_CONVERSION = YES;
				CLANG_WARN_DIRECT_OBJC_ISA_USAGE = YES_ERROR;
				CLANG_WARN_DOCUMENTATION_COMMENTS = YES;
				CLANG_WARN_EMPTY_BODY = YES;
				CLANG_WARN_ENUM_CONVERSION = YES;
				CLANG_WARN_INFINITE_RECURSION = YES;
				CLANG_WARN_INT_CONVERSION = YES;
				CLANG_WARN_NON_LITERAL_NULL_CONVERSION = YES;
				CLANG_WARN_OBJC_LITERAL_CONVERSION = YES;
				CLANG_WARN_OBJC_ROOT_CLASS = YES_ERROR;
				CLANG_WARN_RANGE_LOOP_ANALYSIS = YES;
				CLANG_WARN_STRICT_PROTOTYPES = YES;
				CLANG_WARN_SUSPICIOUS_MOVE = YES;
				CLANG_WARN_UNGUARDED_AVAILABILITY = YES_AGGRESSIVE;
				CLANG_WARN_UNREACHABLE_CODE = YES;
				CLANG_WARN__DUPLICATE_METHOD_MATCH = YES;
				CODE_SIGN_IDENTITY = "iPhone Developer";
				COPY_PHASE_STRIP = NO;
				DEBUG_INFORMATION_FORMAT = dwarf;
				ENABLE_STRICT_OBJC_MSGSEND = YES;
				ENABLE_TESTABILITY = YES;
				GCC_C_LANGUAGE_STANDARD = gnu11;
				GCC_DYNAMIC_NO_PIC = NO;
				GCC_NO_COMMON_BLOCKS = YES;
				GCC_OPTIMIZATION_LEVEL = 0;
				GCC_PREPROCESSOR_DEFINITIONS = (
					"DEBUG=1",
					"$(inherited)",
				);
				GCC_WARN_64_TO_32_BIT_CONVERSION = YES;
				GCC_WARN_ABOUT_RETURN_TYPE = YES_ERROR;
				GCC_WARN_UNDECLARED_SELECTOR = YES;
				GCC_WARN_UNINITIALIZED_AUTOS = YES_AGGRESSIVE;
				GCC_WARN_UNUSED_FUNCTION = YES;
				GCC_WARN_UNUSED_VARIABLE = YES;
				IPHONEOS_DEPLOYMENT_TARGET = 11.2;
				MTL_ENABLE_DEBUG_INFO = YES;
				ONLY_ACTIVE_ARCH = YES;
				SDKROOT = iphoneos;
				SWIFT_ACTIVE_COMPILATION_CONDITIONS = DEBUG;
				SWIFT_OPTIMIZATION_LEVEL = "-Onone";
			};
			name = Debug;
		};
		6300DC962039ED7D007C268C /* Release */ = {
			isa = XCBuildConfiguration;
			buildSettings = {
				ALWAYS_SEARCH_USER_PATHS = NO;
				CLANG_ANALYZER_NONNULL = YES;
				CLANG_ANALYZER_NUMBER_OBJECT_CONVERSION = YES_AGGRESSIVE;
				CLANG_CXX_LANGUAGE_STANDARD = "gnu++14";
				CLANG_CXX_LIBRARY = "libc++";
				CLANG_ENABLE_MODULES = YES;
				CLANG_ENABLE_OBJC_ARC = YES;
				CLANG_WARN_BLOCK_CAPTURE_AUTORELEASING = YES;
				CLANG_WARN_BOOL_CONVERSION = YES;
				CLANG_WARN_COMMA = YES;
				CLANG_WARN_CONSTANT_CONVERSION = YES;
				CLANG_WARN_DIRECT_OBJC_ISA_USAGE = YES_ERROR;
				CLANG_WARN_DOCUMENTATION_COMMENTS = YES;
				CLANG_WARN_EMPTY_BODY = YES;
				CLANG_WARN_ENUM_CONVERSION = YES;
				CLANG_WARN_INFINITE_RECURSION = YES;
				CLANG_WARN_INT_CONVERSION = YES;
				CLANG_WARN_NON_LITERAL_NULL_CONVERSION = YES;
				CLANG_WARN_OBJC_LITERAL_CONVERSION = YES;
				CLANG_WARN_OBJC_ROOT_CLASS = YES_ERROR;
				CLANG_WARN_RANGE_LOOP_ANALYSIS = YES;
				CLANG_WARN_STRICT_PROTOTYPES = YES;
				CLANG_WARN_SUSPICIOUS_MOVE = YES;
				CLANG_WARN_UNGUARDED_AVAILABILITY = YES_AGGRESSIVE;
				CLANG_WARN_UNREACHABLE_CODE = YES;
				CLANG_WARN__DUPLICATE_METHOD_MATCH = YES;
				CODE_SIGN_IDENTITY = "iPhone Developer";
				COPY_PHASE_STRIP = NO;
				DEBUG_INFORMATION_FORMAT = "dwarf-with-dsym";
				ENABLE_NS_ASSERTIONS = NO;
				ENABLE_STRICT_OBJC_MSGSEND = YES;
				GCC_C_LANGUAGE_STANDARD = gnu11;
				GCC_NO_COMMON_BLOCKS = YES;
				GCC_WARN_64_TO_32_BIT_CONVERSION = YES;
				GCC_WARN_ABOUT_RETURN_TYPE = YES_ERROR;
				GCC_WARN_UNDECLARED_SELECTOR = YES;
				GCC_WARN_UNINITIALIZED_AUTOS = YES_AGGRESSIVE;
				GCC_WARN_UNUSED_FUNCTION = YES;
				GCC_WARN_UNUSED_VARIABLE = YES;
				IPHONEOS_DEPLOYMENT_TARGET = 11.2;
				MTL_ENABLE_DEBUG_INFO = NO;
				SDKROOT = iphoneos;
				SWIFT_OPTIMIZATION_LEVEL = "-Owholemodule";
				VALIDATE_PRODUCT = YES;
			};
			name = Release;
		};
		6300DC982039ED7D007C268C /* Debug */ = {
			isa = XCBuildConfiguration;
			baseConfigurationReference = A10A8307A34FC700EF11C6A6 /* Pods-MeteoLV.debug.xcconfig */;
			buildSettings = {
				ASSETCATALOG_COMPILER_APPICON_NAME = AppIcon;
				CODE_SIGN_STYLE = Automatic;
				DEVELOPMENT_TEAM = 3SGNZQGS68;
				INFOPLIST_FILE = MeteoLV/Info.plist;
				LD_RUNPATH_SEARCH_PATHS = "$(inherited) @executable_path/Frameworks";
				PRODUCT_BUNDLE_IDENTIFIER = com.fassko.MeteoLV;
				PRODUCT_NAME = "$(TARGET_NAME)";
				SWIFT_VERSION = 4.0;
				TARGETED_DEVICE_FAMILY = "1,2";
			};
			name = Debug;
		};
		6300DC992039ED7D007C268C /* Release */ = {
			isa = XCBuildConfiguration;
			baseConfigurationReference = 728D7B4AE02137D8F69815AB /* Pods-MeteoLV.release.xcconfig */;
			buildSettings = {
				ASSETCATALOG_COMPILER_APPICON_NAME = AppIcon;
				CODE_SIGN_STYLE = Automatic;
				DEVELOPMENT_TEAM = 3SGNZQGS68;
				INFOPLIST_FILE = MeteoLV/Info.plist;
				LD_RUNPATH_SEARCH_PATHS = "$(inherited) @executable_path/Frameworks";
				PRODUCT_BUNDLE_IDENTIFIER = com.fassko.MeteoLV;
				PRODUCT_NAME = "$(TARGET_NAME)";
				SWIFT_VERSION = 4.0;
				TARGETED_DEVICE_FAMILY = "1,2";
			};
			name = Release;
		};
/* End XCBuildConfiguration section */

/* Begin XCConfigurationList section */
		6300DC802039ED7D007C268C /* Build configuration list for PBXProject "MeteoLV" */ = {
			isa = XCConfigurationList;
			buildConfigurations = (
				6300DC952039ED7D007C268C /* Debug */,
				6300DC962039ED7D007C268C /* Release */,
			);
			defaultConfigurationIsVisible = 0;
			defaultConfigurationName = Release;
		};
		6300DC972039ED7D007C268C /* Build configuration list for PBXNativeTarget "MeteoLV" */ = {
			isa = XCConfigurationList;
			buildConfigurations = (
				6300DC982039ED7D007C268C /* Debug */,
				6300DC992039ED7D007C268C /* Release */,
			);
			defaultConfigurationIsVisible = 0;
			defaultConfigurationName = Release;
		};
/* End XCConfigurationList section */
	};
	rootObject = 6300DC7D2039ED7D007C268C /* Project object */;
}
