// !$*UTF8*$!
{
	archiveVersion = 1;
	classes = {
	};
	objectVersion = 52;
	objects = {

/* Begin PBXBuildFile section */
		6300DC892039ED7D007C268C /* AppDelegate.swift in Sources */ = {isa = PBXBuildFile; fileRef = 6300DC882039ED7D007C268C /* AppDelegate.swift */; };
		6300DC8E2039ED7D007C268C /* Main.storyboard in Resources */ = {isa = PBXBuildFile; fileRef = 6300DC8C2039ED7D007C268C /* Main.storyboard */; };
		6300DC932039ED7D007C268C /* LaunchScreen.storyboard in Resources */ = {isa = PBXBuildFile; fileRef = 6300DC912039ED7D007C268C /* LaunchScreen.storyboard */; };
		6300DC9B2039EF16007C268C /* ObservationsViewController.swift in Sources */ = {isa = PBXBuildFile; fileRef = 6300DC9A2039EF16007C268C /* ObservationsViewController.swift */; };
		6300DC9F2039F889007C268C /* StationViewController.swift in Sources */ = {isa = PBXBuildFile; fileRef = 6300DC9E2039F889007C268C /* StationViewController.swift */; };
		6300DCA12039FA08007C268C /* StationAnnotation.swift in Sources */ = {isa = PBXBuildFile; fileRef = 6300DCA02039FA08007C268C /* StationAnnotation.swift */; };
		63059D3D244B156E003BF03A /* FavoritesTableViewController.swift in Sources */ = {isa = PBXBuildFile; fileRef = 63059D3C244B156E003BF03A /* FavoritesTableViewController.swift */; };
		63059D45244B1AE2003BF03A /* NotificationCenter.framework in Frameworks */ = {isa = PBXBuildFile; fileRef = 63059D44244B1AE2003BF03A /* NotificationCenter.framework */; };
		63059D48244B1AE2003BF03A /* TodayViewController.swift in Sources */ = {isa = PBXBuildFile; fileRef = 63059D47244B1AE2003BF03A /* TodayViewController.swift */; };
		63059D4B244B1AE2003BF03A /* MainInterface.storyboard in Resources */ = {isa = PBXBuildFile; fileRef = 63059D49244B1AE2003BF03A /* MainInterface.storyboard */; };
		63059D4F244B1AE2003BF03A /* Weather Latvia.appex in Embed App Extensions */ = {isa = PBXBuildFile; fileRef = 63059D42244B1AE2003BF03A /* Weather Latvia.appex */; settings = {ATTRIBUTES = (RemoveHeadersOnCopy, ); }; };
		63059D54244B2AB6003BF03A /* Assets.xcassets in Resources */ = {isa = PBXBuildFile; fileRef = 63F1F7EE2046069400305DF7 /* Assets.xcassets */; };
		631E462421BBEFB2000CC546 /* ObservationsViewController+Map.swift in Sources */ = {isa = PBXBuildFile; fileRef = 631E462321BBEFB2000CC546 /* ObservationsViewController+Map.swift */; };
		631E462621BBF287000CC546 /* Constants.swift in Sources */ = {isa = PBXBuildFile; fileRef = 631E462521BBF287000CC546 /* Constants.swift */; };
		631E462821BBF633000CC546 /* OSLog.swift in Sources */ = {isa = PBXBuildFile; fileRef = 631E462721BBF633000CC546 /* OSLog.swift */; };
		631E462A21BC0D93000CC546 /* meteoLVStation.json in Resources */ = {isa = PBXBuildFile; fileRef = 631E462921BC0D93000CC546 /* meteoLVStation.json */; };
		631E462C21BC0DB1000CC546 /* roadLVStation.json in Resources */ = {isa = PBXBuildFile; fileRef = 631E462B21BC0DB1000CC546 /* roadLVStation.json */; };
		631E462E21BC0DD6000CC546 /* ObservationsViewController+UITests.swift in Sources */ = {isa = PBXBuildFile; fileRef = 631E462D21BC0DD6000CC546 /* ObservationsViewController+UITests.swift */; };
		635524EF205E56A700EC0E23 /* ObservationsStation.swift in Sources */ = {isa = PBXBuildFile; fileRef = 635524EE205E56A700EC0E23 /* ObservationsStation.swift */; };
		635524F4205E5E6700EC0E23 /* InfoViewController.swift in Sources */ = {isa = PBXBuildFile; fileRef = 635524F3205E5E6700EC0E23 /* InfoViewController.swift */; };
		636EC0FF244B37FF004E42A9 /* MeteoLVProvider in Frameworks */ = {isa = PBXBuildFile; productRef = 636EC0FE244B37FF004E42A9 /* MeteoLVProvider */; };
		636EC101244B3EB3004E42A9 /* MeteoLVProvider in Frameworks */ = {isa = PBXBuildFile; productRef = 636EC100244B3EB3004E42A9 /* MeteoLVProvider */; };
		6375AB5C236D740400B1D8F4 /* MeteoLV.xctestplan in Resources */ = {isa = PBXBuildFile; fileRef = 6375AB5B236D740400B1D8F4 /* MeteoLV.xctestplan */; };
		63761DAF244C38260013E993 /* ListingTableViewController.swift in Sources */ = {isa = PBXBuildFile; fileRef = 63761DAE244C38260013E993 /* ListingTableViewController.swift */; };
		63761DB7244C3D060013E993 /* ShareViewController.swift in Sources */ = {isa = PBXBuildFile; fileRef = 63761DB6244C3D060013E993 /* ShareViewController.swift */; };
		63761DBA244C3D060013E993 /* MainInterface.storyboard in Resources */ = {isa = PBXBuildFile; fileRef = 63761DB8244C3D060013E993 /* MainInterface.storyboard */; };
		63761DBE244C3D060013E993 /* MeteoLVShare.appex in Embed App Extensions */ = {isa = PBXBuildFile; fileRef = 63761DB4244C3D060013E993 /* MeteoLVShare.appex */; settings = {ATTRIBUTES = (RemoveHeadersOnCopy, ); }; };
		63761DC2244C41DC0013E993 /* Localized.strings in Resources */ = {isa = PBXBuildFile; fileRef = 639F3EA1243A696100DF33E5 /* Localized.strings */; };
		63761DC3244C41EC0013E993 /* Extensions.swift in Sources */ = {isa = PBXBuildFile; fileRef = 639F3EA3243A698900DF33E5 /* Extensions.swift */; };
		638E119821860AFC00F20159 /* Coordinator.swift in Sources */ = {isa = PBXBuildFile; fileRef = 638E119721860AFC00F20159 /* Coordinator.swift */; };
		638E119A21860B2700F20159 /* Storyboarded.swift in Sources */ = {isa = PBXBuildFile; fileRef = 638E119921860B2700F20159 /* Storyboarded.swift */; };
		638E119C21860B5E00F20159 /* MapViewCooordinator.swift in Sources */ = {isa = PBXBuildFile; fileRef = 638E119B21860B5E00F20159 /* MapViewCooordinator.swift */; };
		639F3E9A243A5B7000DF33E5 /* ListCoordinator.swift in Sources */ = {isa = PBXBuildFile; fileRef = 639F3E99243A5B7000DF33E5 /* ListCoordinator.swift */; };
		639F3E9C243A5D2B00DF33E5 /* ListTableViewController.swift in Sources */ = {isa = PBXBuildFile; fileRef = 639F3E9B243A5D2B00DF33E5 /* ListTableViewController.swift */; };
		639F3E9F243A696100DF33E5 /* Localized.strings in Resources */ = {isa = PBXBuildFile; fileRef = 639F3EA1243A696100DF33E5 /* Localized.strings */; };
		639F3EA4243A698900DF33E5 /* Extensions.swift in Sources */ = {isa = PBXBuildFile; fileRef = 639F3EA3243A698900DF33E5 /* Extensions.swift */; };
		63D4718E243BA7CA00077406 /* FavoritesViewCoordinator.swift in Sources */ = {isa = PBXBuildFile; fileRef = 63D4718D243BA7CA00077406 /* FavoritesViewCoordinator.swift */; };
		63D47190243BA83000077406 /* ListCoordinatorProtocol.swift in Sources */ = {isa = PBXBuildFile; fileRef = 63D4718F243BA83000077406 /* ListCoordinatorProtocol.swift */; };
		63E0991B203A0C3A00959498 /* MeteoLVUITests.swift in Sources */ = {isa = PBXBuildFile; fileRef = 63E0991A203A0C3A00959498 /* MeteoLVUITests.swift */; };
		63F024422045E7D200C07D89 /* XCTest+Extensions.swift in Sources */ = {isa = PBXBuildFile; fileRef = 63F024412045E7D200C07D89 /* XCTest+Extensions.swift */; };
		63F024442045EB6B00C07D89 /* SnapshotHelper.swift in Sources */ = {isa = PBXBuildFile; fileRef = 63F024432045EB6B00C07D89 /* SnapshotHelper.swift */; };
		63F1F7EF2046069500305DF7 /* Assets.xcassets in Resources */ = {isa = PBXBuildFile; fileRef = 63F1F7EE2046069400305DF7 /* Assets.xcassets */; };
/* End PBXBuildFile section */

/* Begin PBXContainerItemProxy section */
		63059D4D244B1AE2003BF03A /* PBXContainerItemProxy */ = {
			isa = PBXContainerItemProxy;
			containerPortal = 6300DC7D2039ED7D007C268C /* Project object */;
			proxyType = 1;
			remoteGlobalIDString = 63059D41244B1AE2003BF03A;
			remoteInfo = MeteoLVTodayNotification;
		};
		63761DBC244C3D060013E993 /* PBXContainerItemProxy */ = {
			isa = PBXContainerItemProxy;
			containerPortal = 6300DC7D2039ED7D007C268C /* Project object */;
			proxyType = 1;
			remoteGlobalIDString = 63761DB3244C3D060013E993;
			remoteInfo = MeteoLVShare;
		};
		63E0991D203A0C3A00959498 /* PBXContainerItemProxy */ = {
			isa = PBXContainerItemProxy;
			containerPortal = 6300DC7D2039ED7D007C268C /* Project object */;
			proxyType = 1;
			remoteGlobalIDString = 6300DC842039ED7D007C268C;
			remoteInfo = MeteoLV;
		};
/* End PBXContainerItemProxy section */

/* Begin PBXCopyFilesBuildPhase section */
		63059D53244B1AE2003BF03A /* Embed App Extensions */ = {
			isa = PBXCopyFilesBuildPhase;
			buildActionMask = 2147483647;
			dstPath = "";
			dstSubfolderSpec = 13;
			files = (
				63059D4F244B1AE2003BF03A /* Weather Latvia.appex in Embed App Extensions */,
				63761DBE244C3D060013E993 /* MeteoLVShare.appex in Embed App Extensions */,
			);
			name = "Embed App Extensions";
			runOnlyForDeploymentPostprocessing = 0;
		};
/* End PBXCopyFilesBuildPhase section */

/* Begin PBXFileReference section */
		6300DC852039ED7D007C268C /* MeteoLV.app */ = {isa = PBXFileReference; explicitFileType = wrapper.application; includeInIndex = 0; path = MeteoLV.app; sourceTree = BUILT_PRODUCTS_DIR; };
		6300DC882039ED7D007C268C /* AppDelegate.swift */ = {isa = PBXFileReference; lastKnownFileType = sourcecode.swift; path = AppDelegate.swift; sourceTree = "<group>"; };
		6300DC8D2039ED7D007C268C /* Base */ = {isa = PBXFileReference; lastKnownFileType = file.storyboard; name = Base; path = Base.lproj/Main.storyboard; sourceTree = "<group>"; };
		6300DC922039ED7D007C268C /* Base */ = {isa = PBXFileReference; lastKnownFileType = file.storyboard; name = Base; path = Base.lproj/LaunchScreen.storyboard; sourceTree = "<group>"; };
		6300DC942039ED7D007C268C /* Info.plist */ = {isa = PBXFileReference; lastKnownFileType = text.plist.xml; path = Info.plist; sourceTree = "<group>"; };
		6300DC9A2039EF16007C268C /* ObservationsViewController.swift */ = {isa = PBXFileReference; lastKnownFileType = sourcecode.swift; path = ObservationsViewController.swift; sourceTree = "<group>"; };
		6300DC9E2039F889007C268C /* StationViewController.swift */ = {isa = PBXFileReference; lastKnownFileType = sourcecode.swift; path = StationViewController.swift; sourceTree = "<group>"; };
		6300DCA02039FA08007C268C /* StationAnnotation.swift */ = {isa = PBXFileReference; lastKnownFileType = sourcecode.swift; path = StationAnnotation.swift; sourceTree = "<group>"; };
		63059D3C244B156E003BF03A /* FavoritesTableViewController.swift */ = {isa = PBXFileReference; lastKnownFileType = sourcecode.swift; path = FavoritesTableViewController.swift; sourceTree = "<group>"; };
		63059D42244B1AE2003BF03A /* Weather Latvia.appex */ = {isa = PBXFileReference; explicitFileType = "wrapper.app-extension"; includeInIndex = 0; path = "Weather Latvia.appex"; sourceTree = BUILT_PRODUCTS_DIR; };
		63059D44244B1AE2003BF03A /* NotificationCenter.framework */ = {isa = PBXFileReference; lastKnownFileType = wrapper.framework; name = NotificationCenter.framework; path = System/Library/Frameworks/NotificationCenter.framework; sourceTree = SDKROOT; };
		63059D47244B1AE2003BF03A /* TodayViewController.swift */ = {isa = PBXFileReference; lastKnownFileType = sourcecode.swift; path = TodayViewController.swift; sourceTree = "<group>"; };
		63059D4A244B1AE2003BF03A /* Base */ = {isa = PBXFileReference; lastKnownFileType = file.storyboard; name = Base; path = Base.lproj/MainInterface.storyboard; sourceTree = "<group>"; };
		63059D4C244B1AE2003BF03A /* Info.plist */ = {isa = PBXFileReference; lastKnownFileType = text.plist.xml; path = Info.plist; sourceTree = "<group>"; };
		63059D55244B315A003BF03A /* MeteoLV.entitlements */ = {isa = PBXFileReference; lastKnownFileType = text.plist.entitlements; path = MeteoLV.entitlements; sourceTree = "<group>"; };
		631E462321BBEFB2000CC546 /* ObservationsViewController+Map.swift */ = {isa = PBXFileReference; lastKnownFileType = sourcecode.swift; path = "ObservationsViewController+Map.swift"; sourceTree = "<group>"; };
		631E462521BBF287000CC546 /* Constants.swift */ = {isa = PBXFileReference; lastKnownFileType = sourcecode.swift; path = Constants.swift; sourceTree = "<group>"; };
		631E462721BBF633000CC546 /* OSLog.swift */ = {isa = PBXFileReference; lastKnownFileType = sourcecode.swift; path = OSLog.swift; sourceTree = "<group>"; };
		631E462921BC0D93000CC546 /* meteoLVStation.json */ = {isa = PBXFileReference; lastKnownFileType = text.json; path = meteoLVStation.json; sourceTree = "<group>"; };
		631E462B21BC0DB1000CC546 /* roadLVStation.json */ = {isa = PBXFileReference; lastKnownFileType = text.json; path = roadLVStation.json; sourceTree = "<group>"; };
		631E462D21BC0DD6000CC546 /* ObservationsViewController+UITests.swift */ = {isa = PBXFileReference; lastKnownFileType = sourcecode.swift; path = "ObservationsViewController+UITests.swift"; sourceTree = "<group>"; };
		635524EE205E56A700EC0E23 /* ObservationsStation.swift */ = {isa = PBXFileReference; lastKnownFileType = sourcecode.swift; path = ObservationsStation.swift; sourceTree = "<group>"; };
		635524F3205E5E6700EC0E23 /* InfoViewController.swift */ = {isa = PBXFileReference; lastKnownFileType = sourcecode.swift; path = InfoViewController.swift; sourceTree = "<group>"; };
		636EC0F7244B3218004E42A9 /* Weather Latvia.entitlements */ = {isa = PBXFileReference; lastKnownFileType = text.plist.entitlements; path = "Weather Latvia.entitlements"; sourceTree = "<group>"; };
		6375AB5B236D740400B1D8F4 /* MeteoLV.xctestplan */ = {isa = PBXFileReference; fileEncoding = 4; lastKnownFileType = text; path = MeteoLV.xctestplan; sourceTree = "<group>"; };
		63761DAE244C38260013E993 /* ListingTableViewController.swift */ = {isa = PBXFileReference; lastKnownFileType = sourcecode.swift; path = ListingTableViewController.swift; sourceTree = "<group>"; };
		63761DB4244C3D060013E993 /* MeteoLVShare.appex */ = {isa = PBXFileReference; explicitFileType = "wrapper.app-extension"; includeInIndex = 0; path = MeteoLVShare.appex; sourceTree = BUILT_PRODUCTS_DIR; };
		63761DB6244C3D060013E993 /* ShareViewController.swift */ = {isa = PBXFileReference; lastKnownFileType = sourcecode.swift; path = ShareViewController.swift; sourceTree = "<group>"; };
		63761DB9244C3D060013E993 /* Base */ = {isa = PBXFileReference; lastKnownFileType = file.storyboard; name = Base; path = Base.lproj/MainInterface.storyboard; sourceTree = "<group>"; };
		63761DBB244C3D060013E993 /* Info.plist */ = {isa = PBXFileReference; lastKnownFileType = text.plist.xml; path = Info.plist; sourceTree = "<group>"; };
		638E119721860AFC00F20159 /* Coordinator.swift */ = {isa = PBXFileReference; lastKnownFileType = sourcecode.swift; path = Coordinator.swift; sourceTree = "<group>"; };
		638E119921860B2700F20159 /* Storyboarded.swift */ = {isa = PBXFileReference; lastKnownFileType = sourcecode.swift; path = Storyboarded.swift; sourceTree = "<group>"; };
		638E119B21860B5E00F20159 /* MapViewCooordinator.swift */ = {isa = PBXFileReference; lastKnownFileType = sourcecode.swift; path = MapViewCooordinator.swift; sourceTree = "<group>"; };
		639F3E99243A5B7000DF33E5 /* ListCoordinator.swift */ = {isa = PBXFileReference; lastKnownFileType = sourcecode.swift; path = ListCoordinator.swift; sourceTree = "<group>"; };
		639F3E9B243A5D2B00DF33E5 /* ListTableViewController.swift */ = {isa = PBXFileReference; lastKnownFileType = sourcecode.swift; path = ListTableViewController.swift; sourceTree = "<group>"; };
		639F3EA0243A696100DF33E5 /* en */ = {isa = PBXFileReference; lastKnownFileType = text.plist.strings; name = en; path = en.lproj/Localized.strings; sourceTree = "<group>"; };
		639F3EA2243A696D00DF33E5 /* lv */ = {isa = PBXFileReference; lastKnownFileType = text.plist.strings; name = lv; path = lv.lproj/Localized.strings; sourceTree = "<group>"; };
		639F3EA3243A698900DF33E5 /* Extensions.swift */ = {isa = PBXFileReference; lastKnownFileType = sourcecode.swift; path = Extensions.swift; sourceTree = "<group>"; };
		63D4718D243BA7CA00077406 /* FavoritesViewCoordinator.swift */ = {isa = PBXFileReference; lastKnownFileType = sourcecode.swift; path = FavoritesViewCoordinator.swift; sourceTree = "<group>"; };
		63D4718F243BA83000077406 /* ListCoordinatorProtocol.swift */ = {isa = PBXFileReference; lastKnownFileType = sourcecode.swift; path = ListCoordinatorProtocol.swift; sourceTree = "<group>"; };
		63E09918203A0C3900959498 /* MeteoLVUITests.xctest */ = {isa = PBXFileReference; explicitFileType = wrapper.cfbundle; includeInIndex = 0; path = MeteoLVUITests.xctest; sourceTree = BUILT_PRODUCTS_DIR; };
		63E0991A203A0C3A00959498 /* MeteoLVUITests.swift */ = {isa = PBXFileReference; lastKnownFileType = sourcecode.swift; path = MeteoLVUITests.swift; sourceTree = "<group>"; };
		63E0991C203A0C3A00959498 /* Info.plist */ = {isa = PBXFileReference; lastKnownFileType = text.plist.xml; path = Info.plist; sourceTree = "<group>"; };
		63F024412045E7D200C07D89 /* XCTest+Extensions.swift */ = {isa = PBXFileReference; lastKnownFileType = sourcecode.swift; path = "XCTest+Extensions.swift"; sourceTree = "<group>"; };
		63F024432045EB6B00C07D89 /* SnapshotHelper.swift */ = {isa = PBXFileReference; fileEncoding = 4; lastKnownFileType = sourcecode.swift; name = SnapshotHelper.swift; path = fastlane/SnapshotHelper.swift; sourceTree = SOURCE_ROOT; };
		63F1F7EE2046069400305DF7 /* Assets.xcassets */ = {isa = PBXFileReference; lastKnownFileType = folder.assetcatalog; path = Assets.xcassets; sourceTree = "<group>"; };
/* End PBXFileReference section */

/* Begin PBXFrameworksBuildPhase section */
		6300DC822039ED7D007C268C /* Frameworks */ = {
			isa = PBXFrameworksBuildPhase;
			buildActionMask = 2147483647;
			files = (
				636EC0FF244B37FF004E42A9 /* MeteoLVProvider in Frameworks */,
			);
			runOnlyForDeploymentPostprocessing = 0;
		};
		63059D3F244B1AE2003BF03A /* Frameworks */ = {
			isa = PBXFrameworksBuildPhase;
			buildActionMask = 2147483647;
			files = (
				636EC101244B3EB3004E42A9 /* MeteoLVProvider in Frameworks */,
				63059D45244B1AE2003BF03A /* NotificationCenter.framework in Frameworks */,
			);
			runOnlyForDeploymentPostprocessing = 0;
		};
		63761DB1244C3D060013E993 /* Frameworks */ = {
			isa = PBXFrameworksBuildPhase;
			buildActionMask = 2147483647;
			files = (
			);
			runOnlyForDeploymentPostprocessing = 0;
		};
		63E09915203A0C3900959498 /* Frameworks */ = {
			isa = PBXFrameworksBuildPhase;
			buildActionMask = 2147483647;
			files = (
			);
			runOnlyForDeploymentPostprocessing = 0;
		};
/* End PBXFrameworksBuildPhase section */

/* Begin PBXGroup section */
		6300DC7C2039ED7D007C268C = {
			isa = PBXGroup;
			children = (
				6300DC872039ED7D007C268C /* MeteoLV */,
				63E09919203A0C3A00959498 /* MeteoLVUITests */,
				63059D46244B1AE2003BF03A /* MeteoLVTodayNotification */,
				63761DB5244C3D060013E993 /* MeteoLVShare */,
				63059D43244B1AE2003BF03A /* Frameworks */,
				6300DC862039ED7D007C268C /* Products */,
			);
			sourceTree = "<group>";
		};
		6300DC862039ED7D007C268C /* Products */ = {
			isa = PBXGroup;
			children = (
				6300DC852039ED7D007C268C /* MeteoLV.app */,
				63E09918203A0C3900959498 /* MeteoLVUITests.xctest */,
				63059D42244B1AE2003BF03A /* Weather Latvia.appex */,
				63761DB4244C3D060013E993 /* MeteoLVShare.appex */,
			);
			name = Products;
			sourceTree = "<group>";
		};
		6300DC872039ED7D007C268C /* MeteoLV */ = {
			isa = PBXGroup;
			children = (
				63059D55244B315A003BF03A /* MeteoLV.entitlements */,
				631E462121BBED9C000CC546 /* Core */,
				63059D37244B1088003BF03A /* Models */,
				63059D36244B1081003BF03A /* Map */,
				63059D3B244B1325003BF03A /* Favorites */,
				63059D38244B1094003BF03A /* List */,
				63059D39244B109F003BF03A /* StationView */,
				635524F3205E5E6700EC0E23 /* InfoViewController.swift */,
				639F3EA1243A696100DF33E5 /* Localized.strings */,
				631E462221BBEDAE000CC546 /* Storyboards */,
				6300DC942039ED7D007C268C /* Info.plist */,
				63F1F7EE2046069400305DF7 /* Assets.xcassets */,
			);
			path = MeteoLV;
			sourceTree = "<group>";
		};
		63059D36244B1081003BF03A /* Map */ = {
			isa = PBXGroup;
			children = (
				6300DC9A2039EF16007C268C /* ObservationsViewController.swift */,
				631E462D21BC0DD6000CC546 /* ObservationsViewController+UITests.swift */,
				631E462321BBEFB2000CC546 /* ObservationsViewController+Map.swift */,
			);
			path = Map;
			sourceTree = "<group>";
		};
		63059D37244B1088003BF03A /* Models */ = {
			isa = PBXGroup;
			children = (
				635524EE205E56A700EC0E23 /* ObservationsStation.swift */,
				6300DCA02039FA08007C268C /* StationAnnotation.swift */,
			);
			path = Models;
			sourceTree = "<group>";
		};
		63059D38244B1094003BF03A /* List */ = {
			isa = PBXGroup;
			children = (
				63761DAE244C38260013E993 /* ListingTableViewController.swift */,
				639F3E9B243A5D2B00DF33E5 /* ListTableViewController.swift */,
			);
			path = List;
			sourceTree = "<group>";
		};
		63059D39244B109F003BF03A /* StationView */ = {
			isa = PBXGroup;
			children = (
				6300DC9E2039F889007C268C /* StationViewController.swift */,
			);
			path = StationView;
			sourceTree = "<group>";
		};
		63059D3B244B1325003BF03A /* Favorites */ = {
			isa = PBXGroup;
			children = (
				63059D3C244B156E003BF03A /* FavoritesTableViewController.swift */,
			);
			path = Favorites;
			sourceTree = "<group>";
		};
		63059D43244B1AE2003BF03A /* Frameworks */ = {
			isa = PBXGroup;
			children = (
				63059D44244B1AE2003BF03A /* NotificationCenter.framework */,
			);
			name = Frameworks;
			sourceTree = "<group>";
		};
		63059D46244B1AE2003BF03A /* MeteoLVTodayNotification */ = {
			isa = PBXGroup;
			children = (
				636EC0F7244B3218004E42A9 /* Weather Latvia.entitlements */,
				63059D47244B1AE2003BF03A /* TodayViewController.swift */,
				63059D49244B1AE2003BF03A /* MainInterface.storyboard */,
				63059D4C244B1AE2003BF03A /* Info.plist */,
			);
			path = MeteoLVTodayNotification;
			sourceTree = "<group>";
		};
		631E462121BBED9C000CC546 /* Core */ = {
			isa = PBXGroup;
			children = (
				6300DC882039ED7D007C268C /* AppDelegate.swift */,
				638E119721860AFC00F20159 /* Coordinator.swift */,
				638E119921860B2700F20159 /* Storyboarded.swift */,
				638E119B21860B5E00F20159 /* MapViewCooordinator.swift */,
				63D4718F243BA83000077406 /* ListCoordinatorProtocol.swift */,
				63D4718D243BA7CA00077406 /* FavoritesViewCoordinator.swift */,
				639F3E99243A5B7000DF33E5 /* ListCoordinator.swift */,
				631E462521BBF287000CC546 /* Constants.swift */,
				631E462721BBF633000CC546 /* OSLog.swift */,
				639F3EA3243A698900DF33E5 /* Extensions.swift */,
			);
			path = Core;
			sourceTree = "<group>";
		};
		631E462221BBEDAE000CC546 /* Storyboards */ = {
			isa = PBXGroup;
			children = (
				6300DC8C2039ED7D007C268C /* Main.storyboard */,
				6300DC912039ED7D007C268C /* LaunchScreen.storyboard */,
			);
			path = Storyboards;
			sourceTree = "<group>";
		};
		63761DB5244C3D060013E993 /* MeteoLVShare */ = {
			isa = PBXGroup;
			children = (
				63761DB6244C3D060013E993 /* ShareViewController.swift */,
				63761DB8244C3D060013E993 /* MainInterface.storyboard */,
				63761DBB244C3D060013E993 /* Info.plist */,
			);
			path = MeteoLVShare;
			sourceTree = "<group>";
		};
		63E09919203A0C3A00959498 /* MeteoLVUITests */ = {
			isa = PBXGroup;
			children = (
				6375AB5B236D740400B1D8F4 /* MeteoLV.xctestplan */,
				63F024432045EB6B00C07D89 /* SnapshotHelper.swift */,
				63F024412045E7D200C07D89 /* XCTest+Extensions.swift */,
				63E0991A203A0C3A00959498 /* MeteoLVUITests.swift */,
				63E0991C203A0C3A00959498 /* Info.plist */,
				631E462921BC0D93000CC546 /* meteoLVStation.json */,
				631E462B21BC0DB1000CC546 /* roadLVStation.json */,
			);
			path = MeteoLVUITests;
			sourceTree = "<group>";
		};
/* End PBXGroup section */

/* Begin PBXNativeTarget section */
		6300DC842039ED7D007C268C /* MeteoLV */ = {
			isa = PBXNativeTarget;
			buildConfigurationList = 6300DC972039ED7D007C268C /* Build configuration list for PBXNativeTarget "MeteoLV" */;
			buildPhases = (
				6300DC812039ED7D007C268C /* Sources */,
				6300DC822039ED7D007C268C /* Frameworks */,
				6300DC832039ED7D007C268C /* Resources */,
				63EC843F204495740073749B /* Swiftlint */,
				63059D53244B1AE2003BF03A /* Embed App Extensions */,
			);
			buildRules = (
			);
			dependencies = (
				63059D4E244B1AE2003BF03A /* PBXTargetDependency */,
				63761DBD244C3D060013E993 /* PBXTargetDependency */,
			);
			name = MeteoLV;
			packageProductDependencies = (
				636EC0FE244B37FF004E42A9 /* MeteoLVProvider */,
			);
			productName = MeteoLV;
			productReference = 6300DC852039ED7D007C268C /* MeteoLV.app */;
			productType = "com.apple.product-type.application";
		};
		63059D41244B1AE2003BF03A /* MeteoLVTodayNotification */ = {
			isa = PBXNativeTarget;
			buildConfigurationList = 63059D50244B1AE2003BF03A /* Build configuration list for PBXNativeTarget "MeteoLVTodayNotification" */;
			buildPhases = (
				63059D3E244B1AE2003BF03A /* Sources */,
				63059D3F244B1AE2003BF03A /* Frameworks */,
				63059D40244B1AE2003BF03A /* Resources */,
			);
			buildRules = (
			);
			dependencies = (
			);
			name = MeteoLVTodayNotification;
			packageProductDependencies = (
				636EC100244B3EB3004E42A9 /* MeteoLVProvider */,
			);
			productName = MeteoLVTodayNotification;
			productReference = 63059D42244B1AE2003BF03A /* Weather Latvia.appex */;
			productType = "com.apple.product-type.app-extension";
		};
		63761DB3244C3D060013E993 /* MeteoLVShare */ = {
			isa = PBXNativeTarget;
			buildConfigurationList = 63761DBF244C3D060013E993 /* Build configuration list for PBXNativeTarget "MeteoLVShare" */;
			buildPhases = (
				63761DB0244C3D060013E993 /* Sources */,
				63761DB1244C3D060013E993 /* Frameworks */,
				63761DB2244C3D060013E993 /* Resources */,
			);
			buildRules = (
			);
			dependencies = (
			);
			name = MeteoLVShare;
			productName = MeteoLVShare;
			productReference = 63761DB4244C3D060013E993 /* MeteoLVShare.appex */;
			productType = "com.apple.product-type.app-extension";
		};
		63E09917203A0C3900959498 /* MeteoLVUITests */ = {
			isa = PBXNativeTarget;
			buildConfigurationList = 63E0991F203A0C3A00959498 /* Build configuration list for PBXNativeTarget "MeteoLVUITests" */;
			buildPhases = (
				63E09914203A0C3900959498 /* Sources */,
				63E09915203A0C3900959498 /* Frameworks */,
				63E09916203A0C3900959498 /* Resources */,
			);
			buildRules = (
			);
			dependencies = (
				63E0991E203A0C3A00959498 /* PBXTargetDependency */,
			);
			name = MeteoLVUITests;
			productName = MeteoLVUITests;
			productReference = 63E09918203A0C3900959498 /* MeteoLVUITests.xctest */;
			productType = "com.apple.product-type.bundle.ui-testing";
		};
/* End PBXNativeTarget section */

/* Begin PBXProject section */
		6300DC7D2039ED7D007C268C /* Project object */ = {
			isa = PBXProject;
			attributes = {
				LastSwiftUpdateCheck = 1140;
				LastUpgradeCheck = 1010;
				ORGANIZATIONNAME = fassko;
				TargetAttributes = {
					6300DC842039ED7D007C268C = {
						CreatedOnToolsVersion = 9.2;
						ProvisioningStyle = Manual;
					};
					63059D41244B1AE2003BF03A = {
						CreatedOnToolsVersion = 11.4.1;
					};
					63761DB3244C3D060013E993 = {
						CreatedOnToolsVersion = 11.4.1;
					};
					63E09917203A0C3900959498 = {
						CreatedOnToolsVersion = 9.2;
						LastSwiftMigration = 1010;
						ProvisioningStyle = Manual;
						TestTargetID = 6300DC842039ED7D007C268C;
					};
				};
			};
			buildConfigurationList = 6300DC802039ED7D007C268C /* Build configuration list for PBXProject "MeteoLV" */;
			compatibilityVersion = "Xcode 8.0";
			developmentRegion = en;
			hasScannedForEncodings = 0;
			knownRegions = (
				en,
				Base,
				lv,
			);
			mainGroup = 6300DC7C2039ED7D007C268C;
			packageReferences = (
				636EC0FD244B37FF004E42A9 /* XCRemoteSwiftPackageReference "MeteoLVprovider" */,
			);
			productRefGroup = 6300DC862039ED7D007C268C /* Products */;
			projectDirPath = "";
			projectRoot = "";
			targets = (
				6300DC842039ED7D007C268C /* MeteoLV */,
				63E09917203A0C3900959498 /* MeteoLVUITests */,
				63059D41244B1AE2003BF03A /* MeteoLVTodayNotification */,
				63761DB3244C3D060013E993 /* MeteoLVShare */,
			);
		};
/* End PBXProject section */

/* Begin PBXResourcesBuildPhase section */
		6300DC832039ED7D007C268C /* Resources */ = {
			isa = PBXResourcesBuildPhase;
			buildActionMask = 2147483647;
			files = (
				639F3E9F243A696100DF33E5 /* Localized.strings in Resources */,
				6300DC932039ED7D007C268C /* LaunchScreen.storyboard in Resources */,
				631E462A21BC0D93000CC546 /* meteoLVStation.json in Resources */,
				63F1F7EF2046069500305DF7 /* Assets.xcassets in Resources */,
				631E462C21BC0DB1000CC546 /* roadLVStation.json in Resources */,
				6300DC8E2039ED7D007C268C /* Main.storyboard in Resources */,
			);
			runOnlyForDeploymentPostprocessing = 0;
		};
		63059D40244B1AE2003BF03A /* Resources */ = {
			isa = PBXResourcesBuildPhase;
			buildActionMask = 2147483647;
			files = (
				63761DC2244C41DC0013E993 /* Localized.strings in Resources */,
				63059D54244B2AB6003BF03A /* Assets.xcassets in Resources */,
				63059D4B244B1AE2003BF03A /* MainInterface.storyboard in Resources */,
			);
			runOnlyForDeploymentPostprocessing = 0;
		};
		63761DB2244C3D060013E993 /* Resources */ = {
			isa = PBXResourcesBuildPhase;
			buildActionMask = 2147483647;
			files = (
				63761DBA244C3D060013E993 /* MainInterface.storyboard in Resources */,
			);
			runOnlyForDeploymentPostprocessing = 0;
		};
		63E09916203A0C3900959498 /* Resources */ = {
			isa = PBXResourcesBuildPhase;
			buildActionMask = 2147483647;
			files = (
				6375AB5C236D740400B1D8F4 /* MeteoLV.xctestplan in Resources */,
			);
			runOnlyForDeploymentPostprocessing = 0;
		};
/* End PBXResourcesBuildPhase section */

/* Begin PBXShellScriptBuildPhase section */
		63EC843F204495740073749B /* Swiftlint */ = {
			isa = PBXShellScriptBuildPhase;
			buildActionMask = 2147483647;
			files = (
			);
			inputPaths = (
			);
			name = Swiftlint;
			outputPaths = (
			);
			runOnlyForDeploymentPostprocessing = 0;
			shellPath = /bin/sh;
			shellScript = "if which \"swiftlint\" >/dev/null; then\n  \"swiftlint\"\nelse\n  echo \"warning: SwiftLint not installed, download from https://github.com/realm/SwiftLint\"\nfi\n";
		};
/* End PBXShellScriptBuildPhase section */

/* Begin PBXSourcesBuildPhase section */
		6300DC812039ED7D007C268C /* Sources */ = {
			isa = PBXSourcesBuildPhase;
			buildActionMask = 2147483647;
			files = (
				6300DC9F2039F889007C268C /* StationViewController.swift in Sources */,
				631E462621BBF287000CC546 /* Constants.swift in Sources */,
				631E462821BBF633000CC546 /* OSLog.swift in Sources */,
				639F3E9C243A5D2B00DF33E5 /* ListTableViewController.swift in Sources */,
				635524EF205E56A700EC0E23 /* ObservationsStation.swift in Sources */,
				631E462421BBEFB2000CC546 /* ObservationsViewController+Map.swift in Sources */,
				6300DC9B2039EF16007C268C /* ObservationsViewController.swift in Sources */,
				63D4718E243BA7CA00077406 /* FavoritesViewCoordinator.swift in Sources */,
				63761DAF244C38260013E993 /* ListingTableViewController.swift in Sources */,
				63D47190243BA83000077406 /* ListCoordinatorProtocol.swift in Sources */,
				6300DC892039ED7D007C268C /* AppDelegate.swift in Sources */,
				635524F4205E5E6700EC0E23 /* InfoViewController.swift in Sources */,
				6300DCA12039FA08007C268C /* StationAnnotation.swift in Sources */,
				631E462E21BC0DD6000CC546 /* ObservationsViewController+UITests.swift in Sources */,
				639F3EA4243A698900DF33E5 /* Extensions.swift in Sources */,
				639F3E9A243A5B7000DF33E5 /* ListCoordinator.swift in Sources */,
				638E119821860AFC00F20159 /* Coordinator.swift in Sources */,
				638E119C21860B5E00F20159 /* MapViewCooordinator.swift in Sources */,
				638E119A21860B2700F20159 /* Storyboarded.swift in Sources */,
				63059D3D244B156E003BF03A /* FavoritesTableViewController.swift in Sources */,
			);
			runOnlyForDeploymentPostprocessing = 0;
		};
		63059D3E244B1AE2003BF03A /* Sources */ = {
			isa = PBXSourcesBuildPhase;
			buildActionMask = 2147483647;
			files = (
				63059D48244B1AE2003BF03A /* TodayViewController.swift in Sources */,
				63761DC3244C41EC0013E993 /* Extensions.swift in Sources */,
			);
			runOnlyForDeploymentPostprocessing = 0;
		};
		63761DB0244C3D060013E993 /* Sources */ = {
			isa = PBXSourcesBuildPhase;
			buildActionMask = 2147483647;
			files = (
				63761DB7244C3D060013E993 /* ShareViewController.swift in Sources */,
			);
			runOnlyForDeploymentPostprocessing = 0;
		};
		63E09914203A0C3900959498 /* Sources */ = {
			isa = PBXSourcesBuildPhase;
			buildActionMask = 2147483647;
			files = (
				63F024422045E7D200C07D89 /* XCTest+Extensions.swift in Sources */,
				63E0991B203A0C3A00959498 /* MeteoLVUITests.swift in Sources */,
				63F024442045EB6B00C07D89 /* SnapshotHelper.swift in Sources */,
			);
			runOnlyForDeploymentPostprocessing = 0;
		};
/* End PBXSourcesBuildPhase section */

/* Begin PBXTargetDependency section */
		63059D4E244B1AE2003BF03A /* PBXTargetDependency */ = {
			isa = PBXTargetDependency;
			target = 63059D41244B1AE2003BF03A /* MeteoLVTodayNotification */;
			targetProxy = 63059D4D244B1AE2003BF03A /* PBXContainerItemProxy */;
		};
		63761DBD244C3D060013E993 /* PBXTargetDependency */ = {
			isa = PBXTargetDependency;
			target = 63761DB3244C3D060013E993 /* MeteoLVShare */;
			targetProxy = 63761DBC244C3D060013E993 /* PBXContainerItemProxy */;
		};
		63E0991E203A0C3A00959498 /* PBXTargetDependency */ = {
			isa = PBXTargetDependency;
			target = 6300DC842039ED7D007C268C /* MeteoLV */;
			targetProxy = 63E0991D203A0C3A00959498 /* PBXContainerItemProxy */;
		};
/* End PBXTargetDependency section */

/* Begin PBXVariantGroup section */
		6300DC8C2039ED7D007C268C /* Main.storyboard */ = {
			isa = PBXVariantGroup;
			children = (
				6300DC8D2039ED7D007C268C /* Base */,
			);
			name = Main.storyboard;
			sourceTree = "<group>";
		};
		6300DC912039ED7D007C268C /* LaunchScreen.storyboard */ = {
			isa = PBXVariantGroup;
			children = (
				6300DC922039ED7D007C268C /* Base */,
			);
			name = LaunchScreen.storyboard;
			sourceTree = "<group>";
		};
		63059D49244B1AE2003BF03A /* MainInterface.storyboard */ = {
			isa = PBXVariantGroup;
			children = (
				63059D4A244B1AE2003BF03A /* Base */,
			);
			name = MainInterface.storyboard;
			sourceTree = "<group>";
		};
		63761DB8244C3D060013E993 /* MainInterface.storyboard */ = {
			isa = PBXVariantGroup;
			children = (
				63761DB9244C3D060013E993 /* Base */,
			);
			name = MainInterface.storyboard;
			sourceTree = "<group>";
		};
		639F3EA1243A696100DF33E5 /* Localized.strings */ = {
			isa = PBXVariantGroup;
			children = (
				639F3EA0243A696100DF33E5 /* en */,
				639F3EA2243A696D00DF33E5 /* lv */,
			);
			name = Localized.strings;
			sourceTree = "<group>";
		};
/* End PBXVariantGroup section */

/* Begin XCBuildConfiguration section */
		6300DC952039ED7D007C268C /* Debug */ = {
			isa = XCBuildConfiguration;
			buildSettings = {
				ALWAYS_SEARCH_USER_PATHS = NO;
				CLANG_ANALYZER_LOCALIZABILITY_NONLOCALIZED = YES;
				CLANG_ANALYZER_NONNULL = YES;
				CLANG_ANALYZER_NUMBER_OBJECT_CONVERSION = YES_AGGRESSIVE;
				CLANG_CXX_LANGUAGE_STANDARD = "gnu++14";
				CLANG_CXX_LIBRARY = "libc++";
				CLANG_ENABLE_MODULES = YES;
				CLANG_ENABLE_OBJC_ARC = YES;
				CLANG_WARN_BLOCK_CAPTURE_AUTORELEASING = YES;
				CLANG_WARN_BOOL_CONVERSION = YES;
				CLANG_WARN_COMMA = YES;
				CLANG_WARN_CONSTANT_CONVERSION = YES;
				CLANG_WARN_DEPRECATED_OBJC_IMPLEMENTATIONS = YES;
				CLANG_WARN_DIRECT_OBJC_ISA_USAGE = YES_ERROR;
				CLANG_WARN_DOCUMENTATION_COMMENTS = YES;
				CLANG_WARN_EMPTY_BODY = YES;
				CLANG_WARN_ENUM_CONVERSION = YES;
				CLANG_WARN_INFINITE_RECURSION = YES;
				CLANG_WARN_INT_CONVERSION = YES;
				CLANG_WARN_NON_LITERAL_NULL_CONVERSION = YES;
				CLANG_WARN_OBJC_IMPLICIT_RETAIN_SELF = YES;
				CLANG_WARN_OBJC_LITERAL_CONVERSION = YES;
				CLANG_WARN_OBJC_ROOT_CLASS = YES_ERROR;
				CLANG_WARN_RANGE_LOOP_ANALYSIS = YES;
				CLANG_WARN_STRICT_PROTOTYPES = YES;
				CLANG_WARN_SUSPICIOUS_MOVE = YES;
				CLANG_WARN_UNGUARDED_AVAILABILITY = YES_AGGRESSIVE;
				CLANG_WARN_UNREACHABLE_CODE = YES;
				CLANG_WARN__DUPLICATE_METHOD_MATCH = YES;
				CODE_SIGN_IDENTITY = "iPhone Developer";
				COPY_PHASE_STRIP = NO;
				CURRENT_PROJECT_VERSION = 1.9.200419.1133;
				DEBUG_INFORMATION_FORMAT = dwarf;
				ENABLE_STRICT_OBJC_MSGSEND = YES;
				ENABLE_TESTABILITY = YES;
				GCC_C_LANGUAGE_STANDARD = gnu11;
				GCC_DYNAMIC_NO_PIC = NO;
				GCC_NO_COMMON_BLOCKS = YES;
				GCC_OPTIMIZATION_LEVEL = 0;
				GCC_PREPROCESSOR_DEFINITIONS = (
					"DEBUG=1",
					"$(inherited)",
				);
				GCC_WARN_64_TO_32_BIT_CONVERSION = YES;
				GCC_WARN_ABOUT_RETURN_TYPE = YES_ERROR;
				GCC_WARN_UNDECLARED_SELECTOR = YES;
				GCC_WARN_UNINITIALIZED_AUTOS = YES_AGGRESSIVE;
				GCC_WARN_UNUSED_FUNCTION = YES;
				GCC_WARN_UNUSED_VARIABLE = YES;
				IPHONEOS_DEPLOYMENT_TARGET = 13.1;
				MTL_ENABLE_DEBUG_INFO = YES;
				ONLY_ACTIVE_ARCH = YES;
				SDKROOT = iphoneos;
				SWIFT_ACTIVE_COMPILATION_CONDITIONS = DEBUG;
				SWIFT_OPTIMIZATION_LEVEL = "-Onone";
				SWIFT_VERSION = 5.0;
			};
			name = Debug;
		};
		6300DC962039ED7D007C268C /* Release */ = {
			isa = XCBuildConfiguration;
			buildSettings = {
				ALWAYS_SEARCH_USER_PATHS = NO;
				CLANG_ANALYZER_LOCALIZABILITY_NONLOCALIZED = YES;
				CLANG_ANALYZER_NONNULL = YES;
				CLANG_ANALYZER_NUMBER_OBJECT_CONVERSION = YES_AGGRESSIVE;
				CLANG_CXX_LANGUAGE_STANDARD = "gnu++14";
				CLANG_CXX_LIBRARY = "libc++";
				CLANG_ENABLE_MODULES = YES;
				CLANG_ENABLE_OBJC_ARC = YES;
				CLANG_WARN_BLOCK_CAPTURE_AUTORELEASING = YES;
				CLANG_WARN_BOOL_CONVERSION = YES;
				CLANG_WARN_COMMA = YES;
				CLANG_WARN_CONSTANT_CONVERSION = YES;
				CLANG_WARN_DEPRECATED_OBJC_IMPLEMENTATIONS = YES;
				CLANG_WARN_DIRECT_OBJC_ISA_USAGE = YES_ERROR;
				CLANG_WARN_DOCUMENTATION_COMMENTS = YES;
				CLANG_WARN_EMPTY_BODY = YES;
				CLANG_WARN_ENUM_CONVERSION = YES;
				CLANG_WARN_INFINITE_RECURSION = YES;
				CLANG_WARN_INT_CONVERSION = YES;
				CLANG_WARN_NON_LITERAL_NULL_CONVERSION = YES;
				CLANG_WARN_OBJC_IMPLICIT_RETAIN_SELF = YES;
				CLANG_WARN_OBJC_LITERAL_CONVERSION = YES;
				CLANG_WARN_OBJC_ROOT_CLASS = YES_ERROR;
				CLANG_WARN_RANGE_LOOP_ANALYSIS = YES;
				CLANG_WARN_STRICT_PROTOTYPES = YES;
				CLANG_WARN_SUSPICIOUS_MOVE = YES;
				CLANG_WARN_UNGUARDED_AVAILABILITY = YES_AGGRESSIVE;
				CLANG_WARN_UNREACHABLE_CODE = YES;
				CLANG_WARN__DUPLICATE_METHOD_MATCH = YES;
				CODE_SIGN_IDENTITY = "iPhone Developer";
				COPY_PHASE_STRIP = NO;
				CURRENT_PROJECT_VERSION = 1.9.200419.1133;
				DEBUG_INFORMATION_FORMAT = "dwarf-with-dsym";
				ENABLE_NS_ASSERTIONS = NO;
				ENABLE_STRICT_OBJC_MSGSEND = YES;
				GCC_C_LANGUAGE_STANDARD = gnu11;
				GCC_NO_COMMON_BLOCKS = YES;
				GCC_WARN_64_TO_32_BIT_CONVERSION = YES;
				GCC_WARN_ABOUT_RETURN_TYPE = YES_ERROR;
				GCC_WARN_UNDECLARED_SELECTOR = YES;
				GCC_WARN_UNINITIALIZED_AUTOS = YES_AGGRESSIVE;
				GCC_WARN_UNUSED_FUNCTION = YES;
				GCC_WARN_UNUSED_VARIABLE = YES;
				IPHONEOS_DEPLOYMENT_TARGET = 13.1;
				MTL_ENABLE_DEBUG_INFO = NO;
				SDKROOT = iphoneos;
				SWIFT_COMPILATION_MODE = wholemodule;
				SWIFT_OPTIMIZATION_LEVEL = "-O";
				SWIFT_VERSION = 5.0;
				VALIDATE_PRODUCT = YES;
			};
			name = Release;
		};
		6300DC982039ED7D007C268C /* Debug */ = {
			isa = XCBuildConfiguration;
			buildSettings = {
				ALWAYS_EMBED_SWIFT_STANDARD_LIBRARIES = YES;
				ASSETCATALOG_COMPILER_APPICON_NAME = AppIcon;
				CODE_SIGN_ENTITLEMENTS = MeteoLV/MeteoLV.entitlements;
				CODE_SIGN_STYLE = Manual;
				CURRENT_PROJECT_VERSION = 1.9.200419.1133;
				DEBUG_INFORMATION_FORMAT = "dwarf-with-dsym";
				DEVELOPMENT_TEAM = 3SGNZQGS68;
				INFOPLIST_FILE = MeteoLV/Info.plist;
				IPHONEOS_DEPLOYMENT_TARGET = 13.1;
				LD_RUNPATH_SEARCH_PATHS = (
					"$(inherited)",
					"@executable_path/Frameworks",
				);
				MARKETING_VERSION = 1.8;
				PRODUCT_BUNDLE_IDENTIFIER = com.fassko.MeteoLV;
				PRODUCT_NAME = "$(TARGET_NAME)";
				PROVISIONING_PROFILE = "cb952d6d-f68f-4a35-ad73-81be9d46c861";
				PROVISIONING_PROFILE_SPECIFIER = "match Development com.fassko.MeteoLV";
				SWIFT_VERSION = 5.0;
				TARGETED_DEVICE_FAMILY = 1;
			};
			name = Debug;
		};
		6300DC992039ED7D007C268C /* Release */ = {
			isa = XCBuildConfiguration;
			buildSettings = {
				ALWAYS_EMBED_SWIFT_STANDARD_LIBRARIES = YES;
				ASSETCATALOG_COMPILER_APPICON_NAME = AppIcon;
				CODE_SIGN_ENTITLEMENTS = MeteoLV/MeteoLV.entitlements;
				"CODE_SIGN_IDENTITY[sdk=iphoneos*]" = "iPhone Distribution";
				CODE_SIGN_STYLE = Manual;
				CURRENT_PROJECT_VERSION = 1.9.200419.1133;
				DEVELOPMENT_TEAM = 3SGNZQGS68;
				INFOPLIST_FILE = MeteoLV/Info.plist;
				IPHONEOS_DEPLOYMENT_TARGET = 13.1;
				LD_RUNPATH_SEARCH_PATHS = (
					"$(inherited)",
					"@executable_path/Frameworks",
				);
				MARKETING_VERSION = 1.8;
				PRODUCT_BUNDLE_IDENTIFIER = com.fassko.MeteoLV;
				PRODUCT_NAME = "$(TARGET_NAME)";
				PROVISIONING_PROFILE = "53733216-fea9-43ff-991c-22ab35b48155";
				PROVISIONING_PROFILE_SPECIFIER = "match AppStore com.fassko.MeteoLV";
				SWIFT_VERSION = 5.0;
				TARGETED_DEVICE_FAMILY = 1;
			};
			name = Release;
		};
		63059D51244B1AE2003BF03A /* Debug */ = {
			isa = XCBuildConfiguration;
			buildSettings = {
				CLANG_ENABLE_OBJC_WEAK = YES;
				CODE_SIGN_ENTITLEMENTS = "MeteoLVTodayNotification/Weather Latvia.entitlements";
				CODE_SIGN_IDENTITY = "iPhone Developer";
				CODE_SIGN_STYLE = Manual;
				DEVELOPMENT_TEAM = 3SGNZQGS68;
				INFOPLIST_FILE = MeteoLVTodayNotification/Info.plist;
				IPHONEOS_DEPLOYMENT_TARGET = 13.4;
				LD_RUNPATH_SEARCH_PATHS = (
					"$(inherited)",
					"@executable_path/Frameworks",
					"@executable_path/../../Frameworks",
				);
				MARKETING_VERSION = 1.8;
				MTL_ENABLE_DEBUG_INFO = INCLUDE_SOURCE;
				MTL_FAST_MATH = YES;
				PRODUCT_BUNDLE_IDENTIFIER = com.fassko.MeteoLV.MeteoLVTodayNotification;
				PRODUCT_NAME = "Weather Latvia";
				PROVISIONING_PROFILE_SPECIFIER = "match Development com.fassko.MeteoLV.MeteoLVTodayNotification";
				SKIP_INSTALL = YES;
				SWIFT_VERSION = 5.0;
				TARGETED_DEVICE_FAMILY = "1,2";
			};
			name = Debug;
		};
		63059D52244B1AE2003BF03A /* Release */ = {
			isa = XCBuildConfiguration;
			buildSettings = {
				CLANG_ENABLE_OBJC_WEAK = YES;
				CODE_SIGN_ENTITLEMENTS = "MeteoLVTodayNotification/Weather Latvia.entitlements";
				CODE_SIGN_IDENTITY = "iPhone Distribution";
				CODE_SIGN_STYLE = Manual;
				DEVELOPMENT_TEAM = 3SGNZQGS68;
				INFOPLIST_FILE = MeteoLVTodayNotification/Info.plist;
				IPHONEOS_DEPLOYMENT_TARGET = 13.4;
				LD_RUNPATH_SEARCH_PATHS = (
					"$(inherited)",
					"@executable_path/Frameworks",
					"@executable_path/../../Frameworks",
				);
				MARKETING_VERSION = 1.8;
				MTL_FAST_MATH = YES;
				PRODUCT_BUNDLE_IDENTIFIER = com.fassko.MeteoLV.MeteoLVTodayNotification;
				PRODUCT_NAME = "Weather Latvia";
				PROVISIONING_PROFILE_SPECIFIER = "match AppStore com.fassko.MeteoLV.MeteoLVTodayNotification";
				SKIP_INSTALL = YES;
				SWIFT_VERSION = 5.0;
				TARGETED_DEVICE_FAMILY = "1,2";
			};
			name = Release;
		};
		63761DC0244C3D060013E993 /* Debug */ = {
			isa = XCBuildConfiguration;
			buildSettings = {
				CLANG_ENABLE_OBJC_WEAK = YES;
				CODE_SIGN_IDENTITY = "iPhone Developer";
				CODE_SIGN_STYLE = Manual;
				DEVELOPMENT_TEAM = 3SGNZQGS68;
				INFOPLIST_FILE = MeteoLVShare/Info.plist;
				IPHONEOS_DEPLOYMENT_TARGET = 13.4;
				LD_RUNPATH_SEARCH_PATHS = (
					"$(inherited)",
					"@executable_path/Frameworks",
					"@executable_path/../../Frameworks",
				);
				MTL_ENABLE_DEBUG_INFO = INCLUDE_SOURCE;
				MTL_FAST_MATH = YES;
				PRODUCT_BUNDLE_IDENTIFIER = com.fassko.MeteoLV.MeteoLVShare;
				PRODUCT_NAME = "$(TARGET_NAME)";
				PROVISIONING_PROFILE_SPECIFIER = "match Development com.fassko.MeteoLV.MeteoLVShare";
				SKIP_INSTALL = YES;
				SWIFT_VERSION = 5.0;
				TARGETED_DEVICE_FAMILY = "1,2";
			};
			name = Debug;
		};
		63761DC1244C3D060013E993 /* Release */ = {
			isa = XCBuildConfiguration;
			buildSettings = {
				CLANG_ENABLE_OBJC_WEAK = YES;
				CODE_SIGN_IDENTITY = "iPhone Distribution";
				CODE_SIGN_STYLE = Manual;
				DEVELOPMENT_TEAM = 3SGNZQGS68;
				INFOPLIST_FILE = MeteoLVShare/Info.plist;
				IPHONEOS_DEPLOYMENT_TARGET = 13.4;
				LD_RUNPATH_SEARCH_PATHS = (
					"$(inherited)",
					"@executable_path/Frameworks",
					"@executable_path/../../Frameworks",
				);
				MTL_FAST_MATH = YES;
				PRODUCT_BUNDLE_IDENTIFIER = com.fassko.MeteoLV.MeteoLVShare;
				PRODUCT_NAME = "$(TARGET_NAME)";
				PROVISIONING_PROFILE_SPECIFIER = "match AppStore com.fassko.MeteoLV.MeteoLVShare";
				SKIP_INSTALL = YES;
				SWIFT_VERSION = 5.0;
				TARGETED_DEVICE_FAMILY = "1,2";
			};
			name = Release;
		};
		63E09920203A0C3A00959498 /* Debug */ = {
			isa = XCBuildConfiguration;
			buildSettings = {
				CODE_SIGN_IDENTITY = "";
				CODE_SIGN_STYLE = Manual;
				DEVELOPMENT_TEAM = 3SGNZQGS68;
				INFOPLIST_FILE = MeteoLVUITests/Info.plist;
				LD_RUNPATH_SEARCH_PATHS = (
					"$(inherited)",
					"@executable_path/Frameworks",
					"@loader_path/Frameworks",
				);
				PRODUCT_BUNDLE_IDENTIFIER = com.fassko.MeteoLVUITests;
				PRODUCT_NAME = "$(TARGET_NAME)";
				PROVISIONING_PROFILE = "1fa8d54d-2496-4a6c-942d-924c9942d199";
				PROVISIONING_PROFILE_SPECIFIER = "match Development com.fassko.MeteoLVUITests";
				SWIFT_VERSION = 5.0;
				TARGETED_DEVICE_FAMILY = "1,2";
				TEST_TARGET_NAME = MeteoLV;
			};
			name = Debug;
		};
		63E09921203A0C3A00959498 /* Release */ = {
			isa = XCBuildConfiguration;
			buildSettings = {
				"CODE_SIGN_IDENTITY[sdk=iphoneos*]" = "iPhone Developer";
				CODE_SIGN_STYLE = Manual;
				DEVELOPMENT_TEAM = 3SGNZQGS68;
				INFOPLIST_FILE = MeteoLVUITests/Info.plist;
				LD_RUNPATH_SEARCH_PATHS = (
					"$(inherited)",
					"@executable_path/Frameworks",
					"@loader_path/Frameworks",
				);
				PRODUCT_BUNDLE_IDENTIFIER = com.fassko.MeteoLVUITests;
				PRODUCT_NAME = "$(TARGET_NAME)";
				PROVISIONING_PROFILE = "1fa8d54d-2496-4a6c-942d-924c9942d199";
				PROVISIONING_PROFILE_SPECIFIER = "match Development com.fassko.MeteoLVUITests";
				SWIFT_VERSION = 5.0;
				TARGETED_DEVICE_FAMILY = "1,2";
				TEST_TARGET_NAME = MeteoLV;
			};
			name = Release;
		};
/* End XCBuildConfiguration section */

/* Begin XCConfigurationList section */
		6300DC802039ED7D007C268C /* Build configuration list for PBXProject "MeteoLV" */ = {
			isa = XCConfigurationList;
			buildConfigurations = (
				6300DC952039ED7D007C268C /* Debug */,
				6300DC962039ED7D007C268C /* Release */,
			);
			defaultConfigurationIsVisible = 0;
			defaultConfigurationName = Release;
		};
		6300DC972039ED7D007C268C /* Build configuration list for PBXNativeTarget "MeteoLV" */ = {
			isa = XCConfigurationList;
			buildConfigurations = (
				6300DC982039ED7D007C268C /* Debug */,
				6300DC992039ED7D007C268C /* Release */,
			);
			defaultConfigurationIsVisible = 0;
			defaultConfigurationName = Release;
		};
		63059D50244B1AE2003BF03A /* Build configuration list for PBXNativeTarget "MeteoLVTodayNotification" */ = {
			isa = XCConfigurationList;
			buildConfigurations = (
				63059D51244B1AE2003BF03A /* Debug */,
				63059D52244B1AE2003BF03A /* Release */,
			);
			defaultConfigurationIsVisible = 0;
			defaultConfigurationName = Release;
		};
		63761DBF244C3D060013E993 /* Build configuration list for PBXNativeTarget "MeteoLVShare" */ = {
			isa = XCConfigurationList;
			buildConfigurations = (
				63761DC0244C3D060013E993 /* Debug */,
				63761DC1244C3D060013E993 /* Release */,
			);
			defaultConfigurationIsVisible = 0;
			defaultConfigurationName = Release;
		};
		63E0991F203A0C3A00959498 /* Build configuration list for PBXNativeTarget "MeteoLVUITests" */ = {
			isa = XCConfigurationList;
			buildConfigurations = (
				63E09920203A0C3A00959498 /* Debug */,
				63E09921203A0C3A00959498 /* Release */,
			);
			defaultConfigurationIsVisible = 0;
			defaultConfigurationName = Release;
		};
/* End XCConfigurationList section */

/* Begin XCRemoteSwiftPackageReference section */
		636EC0FD244B37FF004E42A9 /* XCRemoteSwiftPackageReference "MeteoLVprovider" */ = {
			isa = XCRemoteSwiftPackageReference;
			repositoryURL = "https://github.com/fassko/MeteoLVprovider";
			requirement = {
				kind = upToNextMajorVersion;
				minimumVersion = 0.6.0;
			};
		};
/* End XCRemoteSwiftPackageReference section */

/* Begin XCSwiftPackageProductDependency section */
		636EC0FE244B37FF004E42A9 /* MeteoLVProvider */ = {
			isa = XCSwiftPackageProductDependency;
			package = 636EC0FD244B37FF004E42A9 /* XCRemoteSwiftPackageReference "MeteoLVprovider" */;
			productName = MeteoLVProvider;
		};
		636EC100244B3EB3004E42A9 /* MeteoLVProvider */ = {
			isa = XCSwiftPackageProductDependency;
			package = 636EC0FD244B37FF004E42A9 /* XCRemoteSwiftPackageReference "MeteoLVprovider" */;
			productName = MeteoLVProvider;
		};
/* End XCSwiftPackageProductDependency section */
	};
	rootObject = 6300DC7D2039ED7D007C268C /* Project object */;
}
