{
  "object": {
    "pins": [
      {
        "package": "MeteoLVProvider",
        "repositoryURL": "https://github.com/fassko/MeteoLVprovider",
        "state": {
          "branch": null,
          "revision": "8f9ebc1e1e3ea3c0ad50c9f202d1f706ad7e3973",
          "version": "0.6.0"
        }
      },
      {
        "package": "SwiftSoup",
        "repositoryURL": "https://github.com/scinfu/SwiftSoup.git",
        "state": {
          "branch": null,
          "revision": "21e2a405e19298ad477fc007094db91b6cac08c3",
          "version": "2.3.1"
        }
      }
    ]
  },
  "version": 1
}
