{
  "object": {
    "pins": [
      {
        "package": "MeteoLVProvider",
        "repositoryURL": "https://github.com/fassko/MeteoLVProvider",
        "state": {
          "branch": null,
          "revision": "8a6f1a3743d31aed6e1f80654e173e9cb3457335",
          "version": "0.5.0"
        }
      },
      {
        "package": "SwiftSoup",
        "repositoryURL": "https://github.com/scinfu/SwiftSoup.git",
        "state": {
          "branch": null,
          "revision": "21e2a405e19298ad477fc007094db91b6cac08c3",
          "version": "2.3.1"
        }
      }
    ]
  },
  "version": 1
}
